
Microsoft Visual Studio Solution File, Format Version 12.00
# Visual Studio 15
VisualStudioVersion = 15.0.28307.1259
MinimumVisualStudioVersion = 10.0.40219.1
Project("{FAE04EC0-301F-11D3-BF4B-00C04F79EFBC}") = "WindowsPE", "WindowsPE\WindowsPE.csproj", "{0D2C8C44-29A8-42C9-8C8D-3AA29832F60B}"
EndProject
Global
	GlobalSection(SolutionConfigurationPlatforms) = preSolution
		Debug|Any CPU = Debug|Any CPU
		Release|Any CPU = Release|Any CPU
	EndGlobalSection
	GlobalSection(ProjectConfigurationPlatforms) = postSolution
		{0D2C8C44-29A8-42C9-8C8D-3AA29832F60B}.Debug|Any CPU.ActiveCfg = Debug|Any CPU
		{0D2C8C44-29A8-42C9-8C8D-3AA29832F60B}.Debug|Any CPU.Build.0 = Debug|Any CPU
		{0D2C8C44-29A8-42C9-8C8D-3AA29832F60B}.Release|Any CPU.ActiveCfg = Release|Any CPU
		{0D2C8C44-29A8-42C9-8C8D-3AA29832F60B}.Release|Any CPU.Build.0 = Release|Any CPU
	EndGlobalSection
	GlobalSection(SolutionProperties) = preSolution
		HideSolutionNode = FALSE
	EndGlobalSection
	GlobalSection(ExtensibilityGlobals) = postSolution
		SolutionGuid = {2EB60A31-74B4-412A-A073-1F24C4A0D04D}
	EndGlobalSection
EndGlobal
