<?xml version="1.0" encoding="utf-8"?>
<Project ToolsVersion="4.0" xmlns="http://schemas.microsoft.com/developer/msbuild/2003">
  <ItemGroup>
    <Filter Include="Source Files">
      <UniqueIdentifier>{4FC737F1-C7A5-4376-A066-2A32D752A2FF}</UniqueIdentifier>
      <Extensions>cpp;c;cc;cxx;def;odl;idl;hpj;bat;asm;asmx</Extensions>
    </Filter>
    <Filter Include="Header Files">
      <UniqueIdentifier>{93995380-89BD-4b04-88EB-625FBE52EBFB}</UniqueIdentifier>
      <Extensions>h;hh;hpp;hxx;hm;inl;inc;ipp;xsd</Extensions>
    </Filter>
    <Filter Include="Resource Files">
      <UniqueIdentifier>{67DA6AB6-F800-4c08-8B7A-83BB121AAD01}</UniqueIdentifier>
      <Extensions>rc;ico;cur;bmp;dlg;rc2;rct;bin;rgs;gif;jpg;jpeg;jpe;resx;tiff;tif;png;wav;mfcribbon-ms</Extensions>
    </Filter>
    <Filter Include="DisplaySettings">
      <UniqueIdentifier>{8575037e-227e-4580-acb7-138b0210dc65}</UniqueIdentifier>
    </Filter>
    <Filter Include="Firewall">
      <UniqueIdentifier>{00c8a197-e198-428b-b14d-d4552617fd82}</UniqueIdentifier>
    </Filter>
    <Filter Include="NativeClasses">
      <UniqueIdentifier>{b5fb916e-282c-463c-8c51-e0a50d4a1c13}</UniqueIdentifier>
    </Filter>
  </ItemGroup>
  <ItemGroup>
    <ClInclude Include="framework.h">
      <Filter>Header Files</Filter>
    </ClInclude>
    <ClInclude Include="pch.h">
      <Filter>Header Files</Filter>
    </ClInclude>
    <ClInclude Include="DisplaySettings\DisplaySettingsUnsafe.h">
      <Filter>DisplaySettings</Filter>
    </ClInclude>
    <ClInclude Include="DisplaySettings\EnumScreenResolutionUnsafe.h">
      <Filter>DisplaySettings</Filter>
    </ClInclude>
    <ClInclude Include="NativeClasses\LinkedListUnsafe\LinkedListUnsafe.h">
      <Filter>NativeClasses</Filter>
    </ClInclude>
    <ClInclude Include="NativeClasses\LinkedListUnsafe\pairUnsafe.h">
      <Filter>NativeClasses</Filter>
    </ClInclude>
    <ClInclude Include="NativeClasses\StringUnsafe\stringUnsafe.h">
      <Filter>NativeClasses</Filter>
    </ClInclude>
    <ClInclude Include="Firewall\firewall.h">
      <Filter>Firewall</Filter>
    </ClInclude>
  </ItemGroup>
  <ItemGroup>
    <ClCompile Include="dllmain.cpp">
      <Filter>Source Files</Filter>
    </ClCompile>
    <ClCompile Include="pch.cpp">
      <Filter>Source Files</Filter>
    </ClCompile>
    <ClCompile Include="NativeClasses\StringUnsafe\stringUnsafe.cpp">
      <Filter>NativeClasses</Filter>
    </ClCompile>
  </ItemGroup>
</Project>